
Microsoft Visual Studio Solution File, Format Version 12.00
# Visual Studio Version 17
VisualStudioVersion = 17.0.32126.317
MinimumVisualStudioVersion = 10.0.40219.1
Project("{FAE04EC0-301F-11D3-BF4B-00C04F79EFBC}") = "EcommerceWeek7", "EcommerceWeek7.csproj", "{8A6E43EC-76FB-49E7-98A9-4F9B0C68745A}"
EndProject
Global
	GlobalSection(SolutionConfigurationPlatforms) = preSolution
		Debug|Any CPU = Debug|Any CPU
		Release|Any CPU = Release|Any CPU
	EndGlobalSection
	GlobalSection(ProjectConfigurationPlatforms) = postSolution
		{8A6E43EC-76FB-49E7-98A9-4F9B0C68745A}.Debug|Any CPU.ActiveCfg = Debug|Any CPU
		{8A6E43EC-76FB-49E7-98A9-4F9B0C68745A}.Debug|Any CPU.Build.0 = Debug|Any CPU
		{8A6E43EC-76FB-49E7-98A9-4F9B0C68745A}.Release|Any CPU.ActiveCfg = Release|Any CPU
		{8A6E43EC-76FB-49E7-98A9-4F9B0C68745A}.Release|Any CPU.Build.0 = Release|Any CPU
	EndGlobalSection
	GlobalSection(SolutionProperties) = preSolution
		HideSolutionNode = FALSE
	EndGlobalSection
	GlobalSection(ExtensibilityGlobals) = postSolution
		SolutionGuid = {24EEAB18-B1F8-472D-A316-9A684AAD6FC7}
	EndGlobalSection
EndGlobal
